// !$*UTF8*$!
{
	archiveVersion = 1;
	classes = {
	};
	objectVersion = 50;
	objects = {

/* Begin PBXBuildFile section */
		1218760183FDCE8FF82C4DD2 /* Pods_HackZurichTests.framework in Frameworks */ = {isa = PBXBuildFile; fileRef = 4657D07C536635BE5E78D4A1 /* Pods_HackZurichTests.framework */; };
		48DAF4FBFCBB1C19B630A877 /* HMKColor.swift in Sources */ = {isa = PBXBuildFile; fileRef = 48DAF324C65888DB7441D37F /* HMKColor.swift */; };
		5AC0EE5037140A731E29A45D /* Pods_HackZurich.framework in Frameworks */ = {isa = PBXBuildFile; fileRef = 581A370EB3D69787E49E945C /* Pods_HackZurich.framework */; };
		FA4FC427214C327800812732 /* AppDelegate.swift in Sources */ = {isa = PBXBuildFile; fileRef = FA4FC426214C327800812732 /* AppDelegate.swift */; };
		FA4FC429214C327800812732 /* HMKDashboardViewController.swift in Sources */ = {isa = PBXBuildFile; fileRef = FA4FC428214C327800812732 /* HMKDashboardViewController.swift */; };
		FA4FC42C214C327800812732 /* Main.storyboard in Resources */ = {isa = PBXBuildFile; fileRef = FA4FC42A214C327800812732 /* Main.storyboard */; };
		FA4FC42E214C327900812732 /* Assets.xcassets in Resources */ = {isa = PBXBuildFile; fileRef = FA4FC42D214C327900812732 /* Assets.xcassets */; };
		FA4FC431214C327900812732 /* LaunchScreen.storyboard in Resources */ = {isa = PBXBuildFile; fileRef = FA4FC42F214C327900812732 /* LaunchScreen.storyboard */; };
		FA4FC43C214C327900812732 /* HackZurichTests.swift in Sources */ = {isa = PBXBuildFile; fileRef = FA4FC43B214C327900812732 /* HackZurichTests.swift */; };
		FA4FC447214C7B0A00812732 /* HMKDashboardView.swift in Sources */ = {isa = PBXBuildFile; fileRef = FA4FC446214C7B0A00812732 /* HMKDashboardView.swift */; };
		FA4FC44E214C901B00812732 /* Poppins-Bold.ttf in Resources */ = {isa = PBXBuildFile; fileRef = FA4FC448214C8DA400812732 /* Poppins-Bold.ttf */; };
		FA4FC44F214C901B00812732 /* Poppins-Light.ttf in Resources */ = {isa = PBXBuildFile; fileRef = FA4FC44C214C8DA500812732 /* Poppins-Light.ttf */; };
		FA4FC450214C901B00812732 /* Poppins-Medium.ttf in Resources */ = {isa = PBXBuildFile; fileRef = FA4FC449214C8DA400812732 /* Poppins-Medium.ttf */; };
		FA4FC451214C901B00812732 /* Poppins-Regular.ttf in Resources */ = {isa = PBXBuildFile; fileRef = FA4FC44A214C8DA500812732 /* Poppins-Regular.ttf */; };
		FA4FC452214C901B00812732 /* Poppins-SemiBold.ttf in Resources */ = {isa = PBXBuildFile; fileRef = FA4FC44B214C8DA500812732 /* Poppins-SemiBold.ttf */; };
		FA4FC456214D002000812732 /* HMKPillsTableViewController.swift in Sources */ = {isa = PBXBuildFile; fileRef = FA4FC455214D002000812732 /* HMKPillsTableViewController.swift */; };
		FAB5CDDE214D10AA00ED1A07 /* HMKPillAPI.swift in Sources */ = {isa = PBXBuildFile; fileRef = FAB5CDDD214D10AA00ED1A07 /* HMKPillAPI.swift */; };
		FAB5CDE2214D3CDA00ED1A07 /* HMKDosage.swift in Sources */ = {isa = PBXBuildFile; fileRef = FAB5CDE1214D3CDA00ED1A07 /* HMKDosage.swift */; };
		FABBBAED214D45A3003AB577 /* HMKPopupViewController.swift in Sources */ = {isa = PBXBuildFile; fileRef = FABBBAEC214D45A3003AB577 /* HMKPopupViewController.swift */; };
		FABBBAEF214D4E6A003AB577 /* HMKMyListViewController.swift in Sources */ = {isa = PBXBuildFile; fileRef = FABBBAEE214D4E6A003AB577 /* HMKMyListViewController.swift */; };
		FABBBAF1214D5423003AB577 /* HMKMyListItem.swift in Sources */ = {isa = PBXBuildFile; fileRef = FABBBAF0214D5423003AB577 /* HMKMyListItem.swift */; };
		FABBBAF3214D5E00003AB577 /* HMKButton.swift in Sources */ = {isa = PBXBuildFile; fileRef = FABBBAF2214D5E00003AB577 /* HMKButton.swift */; };
/* End PBXBuildFile section */

/* Begin PBXContainerItemProxy section */
		FA4FC438214C327900812732 /* PBXContainerItemProxy */ = {
			isa = PBXContainerItemProxy;
			containerPortal = FA4FC41B214C327800812732 /* Project object */;
			proxyType = 1;
			remoteGlobalIDString = FA4FC422214C327800812732;
			remoteInfo = HackZurich;
		};
/* End PBXContainerItemProxy section */

/* Begin PBXFileReference section */
		29AF2E07E414189B195AA6F4 /* Pods-HackZurich.release.xcconfig */ = {isa = PBXFileReference; includeInIndex = 1; lastKnownFileType = text.xcconfig; name = "Pods-HackZurich.release.xcconfig"; path = "Pods/Target Support Files/Pods-HackZurich/Pods-HackZurich.release.xcconfig"; sourceTree = "<group>"; };
		4657D07C536635BE5E78D4A1 /* Pods_HackZurichTests.framework */ = {isa = PBXFileReference; explicitFileType = wrapper.framework; includeInIndex = 0; path = Pods_HackZurichTests.framework; sourceTree = BUILT_PRODUCTS_DIR; };
		48DAF324C65888DB7441D37F /* HMKColor.swift */ = {isa = PBXFileReference; fileEncoding = 4; lastKnownFileType = sourcecode.swift; path = HMKColor.swift; sourceTree = "<group>"; };
		50190B3EDF13E2FC141BE185 /* Pods-HackZurichTests.release.xcconfig */ = {isa = PBXFileReference; includeInIndex = 1; lastKnownFileType = text.xcconfig; name = "Pods-HackZurichTests.release.xcconfig"; path = "Pods/Target Support Files/Pods-HackZurichTests/Pods-HackZurichTests.release.xcconfig"; sourceTree = "<group>"; };
		581A370EB3D69787E49E945C /* Pods_HackZurich.framework */ = {isa = PBXFileReference; explicitFileType = wrapper.framework; includeInIndex = 0; path = Pods_HackZurich.framework; sourceTree = BUILT_PRODUCTS_DIR; };
		73C98B0870F69261046F788D /* Pods-HackZurich.debug.xcconfig */ = {isa = PBXFileReference; includeInIndex = 1; lastKnownFileType = text.xcconfig; name = "Pods-HackZurich.debug.xcconfig"; path = "Pods/Target Support Files/Pods-HackZurich/Pods-HackZurich.debug.xcconfig"; sourceTree = "<group>"; };
		B4A15D62BBEC2E5781B94580 /* Pods-HackZurichTests.debug.xcconfig */ = {isa = PBXFileReference; includeInIndex = 1; lastKnownFileType = text.xcconfig; name = "Pods-HackZurichTests.debug.xcconfig"; path = "Pods/Target Support Files/Pods-HackZurichTests/Pods-HackZurichTests.debug.xcconfig"; sourceTree = "<group>"; };
		FA4FC423214C327800812732 /* HackZurich.app */ = {isa = PBXFileReference; explicitFileType = wrapper.application; includeInIndex = 0; path = HackZurich.app; sourceTree = BUILT_PRODUCTS_DIR; };
		FA4FC426214C327800812732 /* AppDelegate.swift */ = {isa = PBXFileReference; lastKnownFileType = sourcecode.swift; path = AppDelegate.swift; sourceTree = "<group>"; };
		FA4FC428214C327800812732 /* HMKDashboardViewController.swift */ = {isa = PBXFileReference; lastKnownFileType = sourcecode.swift; path = HMKDashboardViewController.swift; sourceTree = "<group>"; };
		FA4FC42B214C327800812732 /* Base */ = {isa = PBXFileReference; lastKnownFileType = file.storyboard; name = Base; path = Base.lproj/Main.storyboard; sourceTree = "<group>"; };
		FA4FC42D214C327900812732 /* Assets.xcassets */ = {isa = PBXFileReference; lastKnownFileType = folder.assetcatalog; path = Assets.xcassets; sourceTree = "<group>"; };
		FA4FC430214C327900812732 /* Base */ = {isa = PBXFileReference; lastKnownFileType = file.storyboard; name = Base; path = Base.lproj/LaunchScreen.storyboard; sourceTree = "<group>"; };
		FA4FC432214C327900812732 /* Info.plist */ = {isa = PBXFileReference; lastKnownFileType = text.plist.xml; path = Info.plist; sourceTree = "<group>"; };
		FA4FC437214C327900812732 /* HackZurichTests.xctest */ = {isa = PBXFileReference; explicitFileType = wrapper.cfbundle; includeInIndex = 0; path = HackZurichTests.xctest; sourceTree = BUILT_PRODUCTS_DIR; };
		FA4FC43B214C327900812732 /* HackZurichTests.swift */ = {isa = PBXFileReference; lastKnownFileType = sourcecode.swift; path = HackZurichTests.swift; sourceTree = "<group>"; };
		FA4FC43D214C327900812732 /* Info.plist */ = {isa = PBXFileReference; lastKnownFileType = text.plist.xml; path = Info.plist; sourceTree = "<group>"; };
		FA4FC446214C7B0A00812732 /* HMKDashboardView.swift */ = {isa = PBXFileReference; lastKnownFileType = sourcecode.swift; path = HMKDashboardView.swift; sourceTree = "<group>"; };
		FA4FC448214C8DA400812732 /* Poppins-Bold.ttf */ = {isa = PBXFileReference; lastKnownFileType = file; path = "Poppins-Bold.ttf"; sourceTree = "<group>"; };
		FA4FC449214C8DA400812732 /* Poppins-Medium.ttf */ = {isa = PBXFileReference; lastKnownFileType = file; path = "Poppins-Medium.ttf"; sourceTree = "<group>"; };
		FA4FC44A214C8DA500812732 /* Poppins-Regular.ttf */ = {isa = PBXFileReference; lastKnownFileType = file; path = "Poppins-Regular.ttf"; sourceTree = "<group>"; };
		FA4FC44B214C8DA500812732 /* Poppins-SemiBold.ttf */ = {isa = PBXFileReference; lastKnownFileType = file; path = "Poppins-SemiBold.ttf"; sourceTree = "<group>"; };
		FA4FC44C214C8DA500812732 /* Poppins-Light.ttf */ = {isa = PBXFileReference; lastKnownFileType = file; path = "Poppins-Light.ttf"; sourceTree = "<group>"; };
		FA4FC455214D002000812732 /* HMKPillsTableViewController.swift */ = {isa = PBXFileReference; lastKnownFileType = sourcecode.swift; path = HMKPillsTableViewController.swift; sourceTree = "<group>"; };
		FAB5CDDD214D10AA00ED1A07 /* HMKPillAPI.swift */ = {isa = PBXFileReference; lastKnownFileType = sourcecode.swift; path = HMKPillAPI.swift; sourceTree = "<group>"; };
		FAB5CDE1214D3CDA00ED1A07 /* HMKDosage.swift */ = {isa = PBXFileReference; lastKnownFileType = sourcecode.swift; path = HMKDosage.swift; sourceTree = "<group>"; };
		FABBBAEC214D45A3003AB577 /* HMKPopupViewController.swift */ = {isa = PBXFileReference; lastKnownFileType = sourcecode.swift; path = HMKPopupViewController.swift; sourceTree = "<group>"; };
		FABBBAEE214D4E6A003AB577 /* HMKMyListViewController.swift */ = {isa = PBXFileReference; lastKnownFileType = sourcecode.swift; path = HMKMyListViewController.swift; sourceTree = "<group>"; };
		FABBBAF0214D5423003AB577 /* HMKMyListItem.swift */ = {isa = PBXFileReference; lastKnownFileType = sourcecode.swift; path = HMKMyListItem.swift; sourceTree = "<group>"; };
		FABBBAF2214D5E00003AB577 /* HMKButton.swift */ = {isa = PBXFileReference; lastKnownFileType = sourcecode.swift; path = HMKButton.swift; sourceTree = "<group>"; };
/* End PBXFileReference section */

/* Begin PBXFrameworksBuildPhase section */
		FA4FC420214C327800812732 /* Frameworks */ = {
			isa = PBXFrameworksBuildPhase;
			buildActionMask = 2147483647;
			files = (
				5AC0EE5037140A731E29A45D /* Pods_HackZurich.framework in Frameworks */,
			);
			runOnlyForDeploymentPostprocessing = 0;
		};
		FA4FC434214C327900812732 /* Frameworks */ = {
			isa = PBXFrameworksBuildPhase;
			buildActionMask = 2147483647;
			files = (
				1218760183FDCE8FF82C4DD2 /* Pods_HackZurichTests.framework in Frameworks */,
			);
			runOnlyForDeploymentPostprocessing = 0;
		};
/* End PBXFrameworksBuildPhase section */

/* Begin PBXGroup section */
		0C3B49BC89F26D998F6A1543 /* Pods */ = {
			isa = PBXGroup;
			children = (
				73C98B0870F69261046F788D /* Pods-HackZurich.debug.xcconfig */,
				29AF2E07E414189B195AA6F4 /* Pods-HackZurich.release.xcconfig */,
				B4A15D62BBEC2E5781B94580 /* Pods-HackZurichTests.debug.xcconfig */,
				50190B3EDF13E2FC141BE185 /* Pods-HackZurichTests.release.xcconfig */,
			);
			name = Pods;
			sourceTree = "<group>";
		};
		3B81753EDFC73E2896D6A9F3 /* Frameworks */ = {
			isa = PBXGroup;
			children = (
				581A370EB3D69787E49E945C /* Pods_HackZurich.framework */,
				4657D07C536635BE5E78D4A1 /* Pods_HackZurichTests.framework */,
			);
			name = Frameworks;
			sourceTree = "<group>";
		};
		FA4FC41A214C327800812732 = {
			isa = PBXGroup;
			children = (
				FA4FC425214C327800812732 /* HackZurich */,
				FA4FC43A214C327900812732 /* HackZurichTests */,
				FA4FC424214C327800812732 /* Products */,
				0C3B49BC89F26D998F6A1543 /* Pods */,
				3B81753EDFC73E2896D6A9F3 /* Frameworks */,
			);
			sourceTree = "<group>";
		};
		FA4FC424214C327800812732 /* Products */ = {
			isa = PBXGroup;
			children = (
				FA4FC423214C327800812732 /* HackZurich.app */,
				FA4FC437214C327900812732 /* HackZurichTests.xctest */,
			);
			name = Products;
			sourceTree = "<group>";
		};
		FA4FC425214C327800812732 /* HackZurich */ = {
			isa = PBXGroup;
			children = (
				FAB5CDDC214D109A00ED1A07 /* API */,
				FA4FC44D214C8DAB00812732 /* Font */,
				FA4FC426214C327800812732 /* AppDelegate.swift */,
				FA4FC428214C327800812732 /* HMKDashboardViewController.swift */,
				FA4FC42A214C327800812732 /* Main.storyboard */,
				FA4FC42D214C327900812732 /* Assets.xcassets */,
				FA4FC42F214C327900812732 /* LaunchScreen.storyboard */,
				FA4FC432214C327900812732 /* Info.plist */,
				FA4FC446214C7B0A00812732 /* HMKDashboardView.swift */,
				48DAF324C65888DB7441D37F /* HMKColor.swift */,
				FA4FC455214D002000812732 /* HMKPillsTableViewController.swift */,
				FABBBAEC214D45A3003AB577 /* HMKPopupViewController.swift */,
				FABBBAEE214D4E6A003AB577 /* HMKMyListViewController.swift */,
				FABBBAF2214D5E00003AB577 /* HMKButton.swift */,
			);
			path = HackZurich;
			sourceTree = "<group>";
		};
		FA4FC43A214C327900812732 /* HackZurichTests */ = {
			isa = PBXGroup;
			children = (
				FA4FC43B214C327900812732 /* HackZurichTests.swift */,
				FA4FC43D214C327900812732 /* Info.plist */,
			);
			path = HackZurichTests;
			sourceTree = "<group>";
		};
		FA4FC44D214C8DAB00812732 /* Font */ = {
			isa = PBXGroup;
			children = (
				FA4FC448214C8DA400812732 /* Poppins-Bold.ttf */,
				FA4FC44C214C8DA500812732 /* Poppins-Light.ttf */,
				FA4FC449214C8DA400812732 /* Poppins-Medium.ttf */,
				FA4FC44A214C8DA500812732 /* Poppins-Regular.ttf */,
				FA4FC44B214C8DA500812732 /* Poppins-SemiBold.ttf */,
			);
			path = Font;
			sourceTree = "<group>";
		};
		FAB5CDDC214D109A00ED1A07 /* API */ = {
			isa = PBXGroup;
			children = (
				FAB5CDDD214D10AA00ED1A07 /* HMKPillAPI.swift */,
				FAB5CDE1214D3CDA00ED1A07 /* HMKDosage.swift */,
				FABBBAF0214D5423003AB577 /* HMKMyListItem.swift */,
			);
			path = API;
			sourceTree = "<group>";
		};
/* End PBXGroup section */

/* Begin PBXNativeTarget section */
		FA4FC422214C327800812732 /* HackZurich */ = {
			isa = PBXNativeTarget;
			buildConfigurationList = FA4FC440214C327900812732 /* Build configuration list for PBXNativeTarget "HackZurich" */;
			buildPhases = (
				0D95269B87D743A18F7C7C11 /* [CP] Check Pods Manifest.lock */,
				FA4FC41F214C327800812732 /* Sources */,
				FA4FC420214C327800812732 /* Frameworks */,
				FA4FC421214C327800812732 /* Resources */,
				917C9BD510E1AD2B8780D7B1 /* [CP] Embed Pods Frameworks */,
			);
			buildRules = (
			);
			dependencies = (
			);
			name = HackZurich;
			productName = HackZurich;
			productReference = FA4FC423214C327800812732 /* HackZurich.app */;
			productType = "com.apple.product-type.application";
		};
		FA4FC436214C327900812732 /* HackZurichTests */ = {
			isa = PBXNativeTarget;
			buildConfigurationList = FA4FC443214C327900812732 /* Build configuration list for PBXNativeTarget "HackZurichTests" */;
			buildPhases = (
				F7CCB68CB393A4441AC43477 /* [CP] Check Pods Manifest.lock */,
				FA4FC433214C327900812732 /* Sources */,
				FA4FC434214C327900812732 /* Frameworks */,
				FA4FC435214C327900812732 /* Resources */,
			);
			buildRules = (
			);
			dependencies = (
				FA4FC439214C327900812732 /* PBXTargetDependency */,
			);
			name = HackZurichTests;
			productName = HackZurichTests;
			productReference = FA4FC437214C327900812732 /* HackZurichTests.xctest */;
			productType = "com.apple.product-type.bundle.unit-test";
		};
/* End PBXNativeTarget section */

/* Begin PBXProject section */
		FA4FC41B214C327800812732 /* Project object */ = {
			isa = PBXProject;
			attributes = {
				LastSwiftUpdateCheck = 0940;
				LastUpgradeCheck = 0940;
				ORGANIZATIONNAME = "Krystian Solarz";
				TargetAttributes = {
					FA4FC422214C327800812732 = {
						CreatedOnToolsVersion = 9.4.1;
					};
					FA4FC436214C327900812732 = {
						CreatedOnToolsVersion = 9.4.1;
						TestTargetID = FA4FC422214C327800812732;
					};
				};
			};
			buildConfigurationList = FA4FC41E214C327800812732 /* Build configuration list for PBXProject "HackZurich" */;
			compatibilityVersion = "Xcode 9.3";
			developmentRegion = en;
			hasScannedForEncodings = 0;
			knownRegions = (
				en,
				Base,
			);
			mainGroup = FA4FC41A214C327800812732;
			productRefGroup = FA4FC424214C327800812732 /* Products */;
			projectDirPath = "";
			projectRoot = "";
			targets = (
				FA4FC422214C327800812732 /* HackZurich */,
				FA4FC436214C327900812732 /* HackZurichTests */,
			);
		};
/* End PBXProject section */

/* Begin PBXResourcesBuildPhase section */
		FA4FC421214C327800812732 /* Resources */ = {
			isa = PBXResourcesBuildPhase;
			buildActionMask = 2147483647;
			files = (
				FA4FC44E214C901B00812732 /* Poppins-Bold.ttf in Resources */,
				FA4FC44F214C901B00812732 /* Poppins-Light.ttf in Resources */,
				FA4FC450214C901B00812732 /* Poppins-Medium.ttf in Resources */,
				FA4FC451214C901B00812732 /* Poppins-Regular.ttf in Resources */,
				FA4FC452214C901B00812732 /* Poppins-SemiBold.ttf in Resources */,
				FA4FC431214C327900812732 /* LaunchScreen.storyboard in Resources */,
				FA4FC42E214C327900812732 /* Assets.xcassets in Resources */,
				FA4FC42C214C327800812732 /* Main.storyboard in Resources */,
			);
			runOnlyForDeploymentPostprocessing = 0;
		};
		FA4FC435214C327900812732 /* Resources */ = {
			isa = PBXResourcesBuildPhase;
			buildActionMask = 2147483647;
			files = (
			);
			runOnlyForDeploymentPostprocessing = 0;
		};
/* End PBXResourcesBuildPhase section */

/* Begin PBXShellScriptBuildPhase section */
		0D95269B87D743A18F7C7C11 /* [CP] Check Pods Manifest.lock */ = {
			isa = PBXShellScriptBuildPhase;
			buildActionMask = 2147483647;
			files = (
			);
			inputPaths = (
				"${PODS_PODFILE_DIR_PATH}/Podfile.lock",
				"${PODS_ROOT}/Manifest.lock",
			);
			name = "[CP] Check Pods Manifest.lock";
			outputPaths = (
				"$(DERIVED_FILE_DIR)/Pods-HackZurich-checkManifestLockResult.txt",
			);
			runOnlyForDeploymentPostprocessing = 0;
			shellPath = /bin/sh;
			shellScript = "diff \"${PODS_PODFILE_DIR_PATH}/Podfile.lock\" \"${PODS_ROOT}/Manifest.lock\" > /dev/null\nif [ $? != 0 ] ; then\n    # print error to STDERR\n    echo \"error: The sandbox is not in sync with the Podfile.lock. Run 'pod install' or update your CocoaPods installation.\" >&2\n    exit 1\nfi\n# This output is used by Xcode 'outputs' to avoid re-running this script phase.\necho \"SUCCESS\" > \"${SCRIPT_OUTPUT_FILE_0}\"\n";
			showEnvVarsInLog = 0;
		};
		917C9BD510E1AD2B8780D7B1 /* [CP] Embed Pods Frameworks */ = {
			isa = PBXShellScriptBuildPhase;
			buildActionMask = 2147483647;
			files = (
			);
			inputPaths = (
				"${SRCROOT}/Pods/Target Support Files/Pods-HackZurich/Pods-HackZurich-frameworks.sh",
				"${BUILT_PRODUCTS_DIR}/Alamofire/Alamofire.framework",
				"${BUILT_PRODUCTS_DIR}/AlamofireImage/AlamofireImage.framework",
				"${BUILT_PRODUCTS_DIR}/SnapKit/SnapKit.framework",
			);
			name = "[CP] Embed Pods Frameworks";
			outputPaths = (
				"${TARGET_BUILD_DIR}/${FRAMEWORKS_FOLDER_PATH}/Alamofire.framework",
				"${TARGET_BUILD_DIR}/${FRAMEWORKS_FOLDER_PATH}/AlamofireImage.framework",
				"${TARGET_BUILD_DIR}/${FRAMEWORKS_FOLDER_PATH}/SnapKit.framework",
			);
			runOnlyForDeploymentPostprocessing = 0;
			shellPath = /bin/sh;
			shellScript = "\"${SRCROOT}/Pods/Target Support Files/Pods-HackZurich/Pods-HackZurich-frameworks.sh\"\n";
			showEnvVarsInLog = 0;
		};
		F7CCB68CB393A4441AC43477 /* [CP] Check Pods Manifest.lock */ = {
			isa = PBXShellScriptBuildPhase;
			buildActionMask = 2147483647;
			files = (
			);
			inputPaths = (
				"${PODS_PODFILE_DIR_PATH}/Podfile.lock",
				"${PODS_ROOT}/Manifest.lock",
			);
			name = "[CP] Check Pods Manifest.lock";
			outputPaths = (
				"$(DERIVED_FILE_DIR)/Pods-HackZurichTests-checkManifestLockResult.txt",
			);
			runOnlyForDeploymentPostprocessing = 0;
			shellPath = /bin/sh;
			shellScript = "diff \"${PODS_PODFILE_DIR_PATH}/Podfile.lock\" \"${PODS_ROOT}/Manifest.lock\" > /dev/null\nif [ $? != 0 ] ; then\n    # print error to STDERR\n    echo \"error: The sandbox is not in sync with the Podfile.lock. Run 'pod install' or update your CocoaPods installation.\" >&2\n    exit 1\nfi\n# This output is used by Xcode 'outputs' to avoid re-running this script phase.\necho \"SUCCESS\" > \"${SCRIPT_OUTPUT_FILE_0}\"\n";
			showEnvVarsInLog = 0;
		};
/* End PBXShellScriptBuildPhase section */

/* Begin PBXSourcesBuildPhase section */
		FA4FC41F214C327800812732 /* Sources */ = {
			isa = PBXSourcesBuildPhase;
			buildActionMask = 2147483647;
			files = (
				FA4FC429214C327800812732 /* HMKDashboardViewController.swift in Sources */,
				FA4FC456214D002000812732 /* HMKPillsTableViewController.swift in Sources */,
				FABBBAF3214D5E00003AB577 /* HMKButton.swift in Sources */,
				FABBBAED214D45A3003AB577 /* HMKPopupViewController.swift in Sources */,
				FAB5CDE2214D3CDA00ED1A07 /* HMKDosage.swift in Sources */,
				FA4FC427214C327800812732 /* AppDelegate.swift in Sources */,
				FA4FC447214C7B0A00812732 /* HMKDashboardView.swift in Sources */,
				FABBBAF1214D5423003AB577 /* HMKMyListItem.swift in Sources */,
				FAB5CDDE214D10AA00ED1A07 /* HMKPillAPI.swift in Sources */,
				FABBBAEF214D4E6A003AB577 /* HMKMyListViewController.swift in Sources */,
				48DAF4FBFCBB1C19B630A877 /* HMKColor.swift in Sources */,
			);
			runOnlyForDeploymentPostprocessing = 0;
		};
		FA4FC433214C327900812732 /* Sources */ = {
			isa = PBXSourcesBuildPhase;
			buildActionMask = 2147483647;
			files = (
				FA4FC43C214C327900812732 /* HackZurichTests.swift in Sources */,
			);
			runOnlyForDeploymentPostprocessing = 0;
		};
/* End PBXSourcesBuildPhase section */

/* Begin PBXTargetDependency section */
		FA4FC439214C327900812732 /* PBXTargetDependency */ = {
			isa = PBXTargetDependency;
			target = FA4FC422214C327800812732 /* HackZurich */;
			targetProxy = FA4FC438214C327900812732 /* PBXContainerItemProxy */;
		};
/* End PBXTargetDependency section */

/* Begin PBXVariantGroup section */
		FA4FC42A214C327800812732 /* Main.storyboard */ = {
			isa = PBXVariantGroup;
			children = (
				FA4FC42B214C327800812732 /* Base */,
			);
			name = Main.storyboard;
			sourceTree = "<group>";
		};
		FA4FC42F214C327900812732 /* LaunchScreen.storyboard */ = {
			isa = PBXVariantGroup;
			children = (
				FA4FC430214C327900812732 /* Base */,
			);
			name = LaunchScreen.storyboard;
			sourceTree = "<group>";
		};
/* End PBXVariantGroup section */

/* Begin XCBuildConfiguration section */
		FA4FC43E214C327900812732 /* Debug */ = {
			isa = XCBuildConfiguration;
			buildSettings = {
				ALWAYS_SEARCH_USER_PATHS = NO;
				CLANG_ANALYZER_NONNULL = YES;
				CLANG_ANALYZER_NUMBER_OBJECT_CONVERSION = YES_AGGRESSIVE;
				CLANG_CXX_LANGUAGE_STANDARD = "gnu++14";
				CLANG_CXX_LIBRARY = "libc++";
				CLANG_ENABLE_MODULES = YES;
				CLANG_ENABLE_OBJC_ARC = YES;
				CLANG_ENABLE_OBJC_WEAK = YES;
				CLANG_WARN_BLOCK_CAPTURE_AUTORELEASING = YES;
				CLANG_WARN_BOOL_CONVERSION = YES;
				CLANG_WARN_COMMA = YES;
				CLANG_WARN_CONSTANT_CONVERSION = YES;
				CLANG_WARN_DEPRECATED_OBJC_IMPLEMENTATIONS = YES;
				CLANG_WARN_DIRECT_OBJC_ISA_USAGE = YES_ERROR;
				CLANG_WARN_DOCUMENTATION_COMMENTS = YES;
				CLANG_WARN_EMPTY_BODY = YES;
				CLANG_WARN_ENUM_CONVERSION = YES;
				CLANG_WARN_INFINITE_RECURSION = YES;
				CLANG_WARN_INT_CONVERSION = YES;
				CLANG_WARN_NON_LITERAL_NULL_CONVERSION = YES;
				CLANG_WARN_OBJC_IMPLICIT_RETAIN_SELF = YES;
				CLANG_WARN_OBJC_LITERAL_CONVERSION = YES;
				CLANG_WARN_OBJC_ROOT_CLASS = YES_ERROR;
				CLANG_WARN_RANGE_LOOP_ANALYSIS = YES;
				CLANG_WARN_STRICT_PROTOTYPES = YES;
				CLANG_WARN_SUSPICIOUS_MOVE = YES;
				CLANG_WARN_UNGUARDED_AVAILABILITY = YES_AGGRESSIVE;
				CLANG_WARN_UNREACHABLE_CODE = YES;
				CLANG_WARN__DUPLICATE_METHOD_MATCH = YES;
				CODE_SIGN_IDENTITY = "iPhone Developer";
				COPY_PHASE_STRIP = NO;
				DEBUG_INFORMATION_FORMAT = dwarf;
				ENABLE_STRICT_OBJC_MSGSEND = YES;
				ENABLE_TESTABILITY = YES;
				GCC_C_LANGUAGE_STANDARD = gnu11;
				GCC_DYNAMIC_NO_PIC = NO;
				GCC_NO_COMMON_BLOCKS = YES;
				GCC_OPTIMIZATION_LEVEL = 0;
				GCC_PREPROCESSOR_DEFINITIONS = (
					"DEBUG=1",
					"$(inherited)",
				);
				GCC_WARN_64_TO_32_BIT_CONVERSION = YES;
				GCC_WARN_ABOUT_RETURN_TYPE = YES_ERROR;
				GCC_WARN_UNDECLARED_SELECTOR = YES;
				GCC_WARN_UNINITIALIZED_AUTOS = YES_AGGRESSIVE;
				GCC_WARN_UNUSED_FUNCTION = YES;
				GCC_WARN_UNUSED_VARIABLE = YES;
				IPHONEOS_DEPLOYMENT_TARGET = 11.4;
				MTL_ENABLE_DEBUG_INFO = YES;
				ONLY_ACTIVE_ARCH = YES;
				SDKROOT = iphoneos;
				SWIFT_ACTIVE_COMPILATION_CONDITIONS = DEBUG;
				SWIFT_OPTIMIZATION_LEVEL = "-Onone";
			};
			name = Debug;
		};
		FA4FC43F214C327900812732 /* Release */ = {
			isa = XCBuildConfiguration;
			buildSettings = {
				ALWAYS_SEARCH_USER_PATHS = NO;
				CLANG_ANALYZER_NONNULL = YES;
				CLANG_ANALYZER_NUMBER_OBJECT_CONVERSION = YES_AGGRESSIVE;
				CLANG_CXX_LANGUAGE_STANDARD = "gnu++14";
				CLANG_CXX_LIBRARY = "libc++";
				CLANG_ENABLE_MODULES = YES;
				CLANG_ENABLE_OBJC_ARC = YES;
				CLANG_ENABLE_OBJC_WEAK = YES;
				CLANG_WARN_BLOCK_CAPTURE_AUTORELEASING = YES;
				CLANG_WARN_BOOL_CONVERSION = YES;
				CLANG_WARN_COMMA = YES;
				CLANG_WARN_CONSTANT_CONVERSION = YES;
				CLANG_WARN_DEPRECATED_OBJC_IMPLEMENTATIONS = YES;
				CLANG_WARN_DIRECT_OBJC_ISA_USAGE = YES_ERROR;
				CLANG_WARN_DOCUMENTATION_COMMENTS = YES;
				CLANG_WARN_EMPTY_BODY = YES;
				CLANG_WARN_ENUM_CONVERSION = YES;
				CLANG_WARN_INFINITE_RECURSION = YES;
				CLANG_WARN_INT_CONVERSION = YES;
				CLANG_WARN_NON_LITERAL_NULL_CONVERSION = YES;
				CLANG_WARN_OBJC_IMPLICIT_RETAIN_SELF = YES;
				CLANG_WARN_OBJC_LITERAL_CONVERSION = YES;
				CLANG_WARN_OBJC_ROOT_CLASS = YES_ERROR;
				CLANG_WARN_RANGE_LOOP_ANALYSIS = YES;
				CLANG_WARN_STRICT_PROTOTYPES = YES;
				CLANG_WARN_SUSPICIOUS_MOVE = YES;
				CLANG_WARN_UNGUARDED_AVAILABILITY = YES_AGGRESSIVE;
				CLANG_WARN_UNREACHABLE_CODE = YES;
				CLANG_WARN__DUPLICATE_METHOD_MATCH = YES;
				CODE_SIGN_IDENTITY = "iPhone Developer";
				COPY_PHASE_STRIP = NO;
				DEBUG_INFORMATION_FORMAT = "dwarf-with-dsym";
				ENABLE_NS_ASSERTIONS = NO;
				ENABLE_STRICT_OBJC_MSGSEND = YES;
				GCC_C_LANGUAGE_STANDARD = gnu11;
				GCC_NO_COMMON_BLOCKS = YES;
				GCC_WARN_64_TO_32_BIT_CONVERSION = YES;
				GCC_WARN_ABOUT_RETURN_TYPE = YES_ERROR;
				GCC_WARN_UNDECLARED_SELECTOR = YES;
				GCC_WARN_UNINITIALIZED_AUTOS = YES_AGGRESSIVE;
				GCC_WARN_UNUSED_FUNCTION = YES;
				GCC_WARN_UNUSED_VARIABLE = YES;
				IPHONEOS_DEPLOYMENT_TARGET = 11.4;
				MTL_ENABLE_DEBUG_INFO = NO;
				SDKROOT = iphoneos;
				SWIFT_COMPILATION_MODE = wholemodule;
				SWIFT_OPTIMIZATION_LEVEL = "-O";
				VALIDATE_PRODUCT = YES;
			};
			name = Release;
		};
		FA4FC441214C327900812732 /* Debug */ = {
			isa = XCBuildConfiguration;
			baseConfigurationReference = 73C98B0870F69261046F788D /* Pods-HackZurich.debug.xcconfig */;
			buildSettings = {
				ASSETCATALOG_COMPILER_APPICON_NAME = AppIcon;
				CODE_SIGN_STYLE = Automatic;
				DEVELOPMENT_TEAM = HQ63E3X3P6;
				INFOPLIST_FILE = HackZurich/Info.plist;
				LD_RUNPATH_SEARCH_PATHS = (
					"$(inherited)",
					"@executable_path/Frameworks",
				);
				PRODUCT_BUNDLE_IDENTIFIER = me.mobilove.HackZurich;
				PRODUCT_NAME = "$(TARGET_NAME)";
				SWIFT_VERSION = 4.0;
				TARGETED_DEVICE_FAMILY = "1,2";
			};
			name = Debug;
		};
		FA4FC442214C327900812732 /* Release */ = {
			isa = XCBuildConfiguration;
			baseConfigurationReference = 29AF2E07E414189B195AA6F4 /* Pods-HackZurich.release.xcconfig */;
			buildSettings = {
				ASSETCATALOG_COMPILER_APPICON_NAME = AppIcon;
				CODE_SIGN_STYLE = Automatic;
				DEVELOPMENT_TEAM = HQ63E3X3P6;
				INFOPLIST_FILE = HackZurich/Info.plist;
				LD_RUNPATH_SEARCH_PATHS = (
					"$(inherited)",
					"@executable_path/Frameworks",
				);
				PRODUCT_BUNDLE_IDENTIFIER = me.mobilove.HackZurich;
				PRODUCT_NAME = "$(TARGET_NAME)";
				SWIFT_VERSION = 4.0;
				TARGETED_DEVICE_FAMILY = "1,2";
			};
			name = Release;
		};
		FA4FC444214C327900812732 /* Debug */ = {
			isa = XCBuildConfiguration;
			baseConfigurationReference = B4A15D62BBEC2E5781B94580 /* Pods-HackZurichTests.debug.xcconfig */;
			buildSettings = {
				ALWAYS_EMBED_SWIFT_STANDARD_LIBRARIES = YES;
				BUNDLE_LOADER = "$(TEST_HOST)";
				CODE_SIGN_STYLE = Automatic;
				DEVELOPMENT_TEAM = HQ63E3X3P6;
				INFOPLIST_FILE = HackZurichTests/Info.plist;
				LD_RUNPATH_SEARCH_PATHS = (
					"$(inherited)",
					"@executable_path/Frameworks",
					"@loader_path/Frameworks",
				);
				PRODUCT_BUNDLE_IDENTIFIER = me.mobilove.HackZurichTests;
				PRODUCT_NAME = "$(TARGET_NAME)";
				SWIFT_VERSION = 4.0;
				TARGETED_DEVICE_FAMILY = "1,2";
				TEST_HOST = "$(BUILT_PRODUCTS_DIR)/HackZurich.app/HackZurich";
			};
			name = Debug;
		};
		FA4FC445214C327900812732 /* Release */ = {
			isa = XCBuildConfiguration;
			baseConfigurationReference = 50190B3EDF13E2FC141BE185 /* Pods-HackZurichTests.release.xcconfig */;
			buildSettings = {
				ALWAYS_EMBED_SWIFT_STANDARD_LIBRARIES = YES;
				BUNDLE_LOADER = "$(TEST_HOST)";
				CODE_SIGN_STYLE = Automatic;
				DEVELOPMENT_TEAM = HQ63E3X3P6;
				INFOPLIST_FILE = HackZurichTests/Info.plist;
				LD_RUNPATH_SEARCH_PATHS = (
					"$(inherited)",
					"@executable_path/Frameworks",
					"@loader_path/Frameworks",
				);
				PRODUCT_BUNDLE_IDENTIFIER = me.mobilove.HackZurichTests;
				PRODUCT_NAME = "$(TARGET_NAME)";
				SWIFT_VERSION = 4.0;
				TARGETED_DEVICE_FAMILY = "1,2";
				TEST_HOST = "$(BUILT_PRODUCTS_DIR)/HackZurich.app/HackZurich";
			};
			name = Release;
		};
/* End XCBuildConfiguration section */

/* Begin XCConfigurationList section */
		FA4FC41E214C327800812732 /* Build configuration list for PBXProject "HackZurich" */ = {
			isa = XCConfigurationList;
			buildConfigurations = (
				FA4FC43E214C327900812732 /* Debug */,
				FA4FC43F214C327900812732 /* Release */,
			);
			defaultConfigurationIsVisible = 0;
			defaultConfigurationName = Release;
		};
		FA4FC440214C327900812732 /* Build configuration list for PBXNativeTarget "HackZurich" */ = {
			isa = XCConfigurationList;
			buildConfigurations = (
				FA4FC441214C327900812732 /* Debug */,
				FA4FC442214C327900812732 /* Release */,
			);
			defaultConfigurationIsVisible = 0;
			defaultConfigurationName = Release;
		};
		FA4FC443214C327900812732 /* Build configuration list for PBXNativeTarget "HackZurichTests" */ = {
			isa = XCConfigurationList;
			buildConfigurations = (
				FA4FC444214C327900812732 /* Debug */,
				FA4FC445214C327900812732 /* Release */,
			);
			defaultConfigurationIsVisible = 0;
			defaultConfigurationName = Release;
		};
/* End XCConfigurationList section */
	};
	rootObject = FA4FC41B214C327800812732 /* Project object */;
}
